# THIS IS AN AUTOGENERATED FILE. DO NOT EDIT THIS FILE DIRECTLY.
# yarn lockfile v1


"@turf/bbox@4.7.3":
  version "4.7.3"
  resolved "https://registry.yarnpkg.com/@turf/bbox/-/bbox-4.7.3.tgz#e3ad4f10a7e9b41b522880d33083198199059067"
  integrity sha512-78lSzSQuLHq0363sVlmkX9uxBejeWGyZhQBAh7oc1ucnsYsem1m4ynjDXG8/hKP4nG/yUFWPdV9xklezKdvzKw==
  dependencies:
    "@turf/meta" "^4.7.3"

"@turf/helpers@4.7.3":
  version "4.7.3"
  resolved "https://registry.yarnpkg.com/@turf/helpers/-/helpers-4.7.3.tgz#bc312ac43cab3c532a483151c4c382c5649429e9"
  integrity sha512-hk5ANVazb80zK6tjJYAG76oCRTWMQo6SAFu5E1dVnlb2kT3FHLoPcOB9P11duwDafMwywz24KZ+FUorB5e728w==

"@turf/meta@^4.7.3":
  version "4.7.4"
  resolved "https://registry.yarnpkg.com/@turf/meta/-/meta-4.7.4.tgz#6de2f1e9890b8f64b669e4b47c09b20893063977"
  integrity sha512-cvwz4EI9BjrgRHxmJ3Z3HKxq6k/fj/V95kwNZ8uWNLncCvrb7x1jUBDkQUo1tShnYdZ8eBgA+a2bvJmAM+MJ0A==

"@types/geojson@*":
  version "7946.0.8"
  resolved "https://registry.yarnpkg.com/@types/geojson/-/geojson-7946.0.8.tgz#30744afdb385e2945e22f3b033f897f76b1f12ca"
  integrity sha512-1rkryxURpr6aWP7R786/UQOkJ3PcpQiWkAXBmdWc7ryFWqN6a4xfK7BtjXvFBKO9LjQ+MWQSWxYeZX1OApnArA==

"@types/supercluster@^5.0.1":
  version "5.0.3"
  resolved "https://registry.yarnpkg.com/@types/supercluster/-/supercluster-5.0.3.tgz#aa03a77c6545265e63b50fa267ab12afe0c27658"
  integrity sha512-XMSqQEr7YDuNtFwSgaHHOjsbi0ZGL62V9Js4CW45RBuRYlNWSW/KDqN+RFFE7HdHcGhJPtN0klKvw06r9Kg7rg==
  dependencies:
    "@types/geojson" "*"

deep-equal@1.0.1:
  version "1.0.1"
  resolved "https://registry.yarnpkg.com/deep-equal/-/deep-equal-1.0.1.tgz#f5d260292b660e084eff4cdbc9f08ad3247448b5"
  integrity sha512-bHtC0iYvWhyaTzvV3CZgPeZQqCOBGyGsVV7v4eevpdkLHfiSrXUdBG+qAuSz4RI70sszvjQ1QSZ98An1yNwpSw==

kdbush@^3.0.0:
  version "3.0.0"
  resolved "https://registry.yarnpkg.com/kdbush/-/kdbush-3.0.0.tgz#f8484794d47004cc2d85ed3a79353dbe0abc2bf0"
  integrity sha512-hRkd6/XW4HTsA9vjVpY9tuXJYLSlelnkTmVFu4M9/7MIYQtFcHpbugAU7UbOfjOiVSVYl2fqgBuJ32JUmRo5Ew==

react-mapbox-gl@^5.1.1:
  version "5.1.1"
  resolved "https://registry.yarnpkg.com/react-mapbox-gl/-/react-mapbox-gl-5.1.1.tgz#49e1ddf441c3ff9406d10ccd577ac5448d51584c"
  integrity sha512-8vGldFQf7pW8T5ZV2OOhwXoaBvfigB2F7dnhzaZ/bD5/KJzP9zprMbn0xMX95W3eqbKzGGHnwyD5DyTTwR6wGw==
  dependencies:
    "@turf/bbox" "4.7.3"
    "@turf/helpers" "4.7.3"
    "@types/supercluster" "^5.0.1"
    deep-equal "1.0.1"
    supercluster "^7.0.0"

supercluster@^7.0.0:
  version "7.1.5"
  resolved "https://registry.yarnpkg.com/supercluster/-/supercluster-7.1.5.tgz#65a6ce4a037a972767740614c19051b64b8be5a3"
  integrity sha512-EulshI3pGUM66o6ZdH3ReiFcvHpM3vAigyK+vcxdjpJyEbIIrtbmBdY23mGgnI24uXiGFvrGq9Gkum/8U7vJWg==
  dependencies:
    kdbush "^3.0.0"
